// !$*UTF8*$!
{
	archiveVersion = 1;
	classes = {
	};
	objectVersion = 51;
	objects = {

/* Begin PBXBuildFile section */
		6AD817351221F879A637D01C /* Pods_Movie.framework in Frameworks */ = {isa = PBXBuildFile; fileRef = 9CDBF78216274B7E82D7A112 /* Pods_Movie.framework */; };
		F7EF89E9234494A200AD5C2F /* AppDelegate.swift in Sources */ = {isa = PBXBuildFile; fileRef = F7EF89E8234494A200AD5C2F /* AppDelegate.swift */; };
		F7EF89ED234494A200AD5C2F /* MainViewController.swift in Sources */ = {isa = PBXBuildFile; fileRef = F7EF89EC234494A200AD5C2F /* MainViewController.swift */; };
		F7EF89F2234494A300AD5C2F /* Assets.xcassets in Resources */ = {isa = PBXBuildFile; fileRef = F7EF89F1234494A300AD5C2F /* Assets.xcassets */; };
		F7EF89F5234494A300AD5C2F /* LaunchScreen.storyboard in Resources */ = {isa = PBXBuildFile; fileRef = F7EF89F3234494A300AD5C2F /* LaunchScreen.storyboard */; };
		F7EF89FD234494F400AD5C2F /* Main.storyboard in Resources */ = {isa = PBXBuildFile; fileRef = F7EF89FC234494F400AD5C2F /* Main.storyboard */; };
		F7EF89FF2344963000AD5C2F /* HTTPRequest.swift in Sources */ = {isa = PBXBuildFile; fileRef = F7EF89FE2344963000AD5C2F /* HTTPRequest.swift */; };
		F7EF8A0123449B4200AD5C2F /* Constants.swift in Sources */ = {isa = PBXBuildFile; fileRef = F7EF8A0023449B4200AD5C2F /* Constants.swift */; };
		F7EF8A0323449E1A00AD5C2F /* MoviesResponse.swift in Sources */ = {isa = PBXBuildFile; fileRef = F7EF8A0223449E1A00AD5C2F /* MoviesResponse.swift */; };
		F7EF8A0523449E2C00AD5C2F /* Result.swift in Sources */ = {isa = PBXBuildFile; fileRef = F7EF8A0423449E2C00AD5C2F /* Result.swift */; };
		F7EF8A072344A1D000AD5C2F /* MovieCollectionViewCell.swift in Sources */ = {isa = PBXBuildFile; fileRef = F7EF8A062344A1D000AD5C2F /* MovieCollectionViewCell.swift */; };
/* End PBXBuildFile section */

/* Begin PBXFileReference section */
		09C22B09F2FDFE24A85063AF /* Pods-Movie.release.xcconfig */ = {isa = PBXFileReference; includeInIndex = 1; lastKnownFileType = text.xcconfig; name = "Pods-Movie.release.xcconfig"; path = "Target Support Files/Pods-Movie/Pods-Movie.release.xcconfig"; sourceTree = "<group>"; };
		9CDBF78216274B7E82D7A112 /* Pods_Movie.framework */ = {isa = PBXFileReference; explicitFileType = wrapper.framework; includeInIndex = 0; path = Pods_Movie.framework; sourceTree = BUILT_PRODUCTS_DIR; };
		D8974766072CA37036EC49A9 /* Pods-Movie.debug.xcconfig */ = {isa = PBXFileReference; includeInIndex = 1; lastKnownFileType = text.xcconfig; name = "Pods-Movie.debug.xcconfig"; path = "Target Support Files/Pods-Movie/Pods-Movie.debug.xcconfig"; sourceTree = "<group>"; };
		F7EF89E5234494A200AD5C2F /* Movie.app */ = {isa = PBXFileReference; explicitFileType = wrapper.application; includeInIndex = 0; path = Movie.app; sourceTree = BUILT_PRODUCTS_DIR; };
		F7EF89E8234494A200AD5C2F /* AppDelegate.swift */ = {isa = PBXFileReference; lastKnownFileType = sourcecode.swift; path = AppDelegate.swift; sourceTree = "<group>"; };
		F7EF89EC234494A200AD5C2F /* MainViewController.swift */ = {isa = PBXFileReference; lastKnownFileType = sourcecode.swift; path = MainViewController.swift; sourceTree = "<group>"; };
		F7EF89F1234494A300AD5C2F /* Assets.xcassets */ = {isa = PBXFileReference; lastKnownFileType = folder.assetcatalog; path = Assets.xcassets; sourceTree = "<group>"; };
		F7EF89F4234494A300AD5C2F /* Base */ = {isa = PBXFileReference; lastKnownFileType = file.storyboard; name = Base; path = Base.lproj/LaunchScreen.storyboard; sourceTree = "<group>"; };
		F7EF89F6234494A300AD5C2F /* Info.plist */ = {isa = PBXFileReference; lastKnownFileType = text.plist.xml; path = Info.plist; sourceTree = "<group>"; };
		F7EF89FC234494F400AD5C2F /* Main.storyboard */ = {isa = PBXFileReference; lastKnownFileType = file.storyboard; path = Main.storyboard; sourceTree = "<group>"; };
		F7EF89FE2344963000AD5C2F /* HTTPRequest.swift */ = {isa = PBXFileReference; lastKnownFileType = sourcecode.swift; path = HTTPRequest.swift; sourceTree = "<group>"; };
		F7EF8A0023449B4200AD5C2F /* Constants.swift */ = {isa = PBXFileReference; lastKnownFileType = sourcecode.swift; path = Constants.swift; sourceTree = "<group>"; };
		F7EF8A0223449E1A00AD5C2F /* MoviesResponse.swift */ = {isa = PBXFileReference; lastKnownFileType = sourcecode.swift; path = MoviesResponse.swift; sourceTree = "<group>"; };
		F7EF8A0423449E2C00AD5C2F /* Result.swift */ = {isa = PBXFileReference; lastKnownFileType = sourcecode.swift; path = Result.swift; sourceTree = "<group>"; };
		F7EF8A062344A1D000AD5C2F /* MovieCollectionViewCell.swift */ = {isa = PBXFileReference; lastKnownFileType = sourcecode.swift; path = MovieCollectionViewCell.swift; sourceTree = "<group>"; };
/* End PBXFileReference section */

/* Begin PBXFrameworksBuildPhase section */
		F7EF89E2234494A200AD5C2F /* Frameworks */ = {
			isa = PBXFrameworksBuildPhase;
			buildActionMask = 2147483647;
			files = (
				6AD817351221F879A637D01C /* Pods_Movie.framework in Frameworks */,
			);
			runOnlyForDeploymentPostprocessing = 0;
		};
/* End PBXFrameworksBuildPhase section */

/* Begin PBXGroup section */
		6ACA2855836A9EE8E0686748 /* Pods */ = {
			isa = PBXGroup;
			children = (
				D8974766072CA37036EC49A9 /* Pods-Movie.debug.xcconfig */,
				09C22B09F2FDFE24A85063AF /* Pods-Movie.release.xcconfig */,
			);
			path = Pods;
			sourceTree = "<group>";
		};
		F0F5A8D0CCC5E5AFADEAE0FC /* Frameworks */ = {
			isa = PBXGroup;
			children = (
				9CDBF78216274B7E82D7A112 /* Pods_Movie.framework */,
			);
			name = Frameworks;
			sourceTree = "<group>";
		};
		F7EF89DC234494A200AD5C2F = {
			isa = PBXGroup;
			children = (
				F7EF89E7234494A200AD5C2F /* Movie */,
				F7EF89E6234494A200AD5C2F /* Products */,
				6ACA2855836A9EE8E0686748 /* Pods */,
				F0F5A8D0CCC5E5AFADEAE0FC /* Frameworks */,
			);
			sourceTree = "<group>";
		};
		F7EF89E6234494A200AD5C2F /* Products */ = {
			isa = PBXGroup;
			children = (
				F7EF89E5234494A200AD5C2F /* Movie.app */,
			);
			name = Products;
			sourceTree = "<group>";
		};
		F7EF89E7234494A200AD5C2F /* Movie */ = {
			isa = PBXGroup;
			children = (
				F7EF89E8234494A200AD5C2F /* AppDelegate.swift */,
				F7EF89EC234494A200AD5C2F /* MainViewController.swift */,
				F7EF8A062344A1D000AD5C2F /* MovieCollectionViewCell.swift */,
				F7EF89FC234494F400AD5C2F /* Main.storyboard */,
				F7EF89FE2344963000AD5C2F /* HTTPRequest.swift */,
				F7EF89F1234494A300AD5C2F /* Assets.xcassets */,
				F7EF89F3234494A300AD5C2F /* LaunchScreen.storyboard */,
				F7EF89F6234494A300AD5C2F /* Info.plist */,
				F7EF8A0023449B4200AD5C2F /* Constants.swift */,
				F7EF8A0223449E1A00AD5C2F /* MoviesResponse.swift */,
				F7EF8A0423449E2C00AD5C2F /* Result.swift */,
			);
			path = Movie;
			sourceTree = "<group>";
		};
/* End PBXGroup section */

/* Begin PBXNativeTarget section */
		F7EF89E4234494A200AD5C2F /* Movie */ = {
			isa = PBXNativeTarget;
			buildConfigurationList = F7EF89F9234494A300AD5C2F /* Build configuration list for PBXNativeTarget "Movie" */;
			buildPhases = (
				5AE9C48195B4C65F589BB56F /* [CP] Check Pods Manifest.lock */,
				F7EF89E1234494A200AD5C2F /* Sources */,
				F7EF89E2234494A200AD5C2F /* Frameworks */,
				F7EF89E3234494A200AD5C2F /* Resources */,
				134C67F09070B8E75C961E17 /* [CP] Embed Pods Frameworks */,
			);
			buildRules = (
			);
			dependencies = (
			);
			name = Movie;
			productName = Movie;
			productReference = F7EF89E5234494A200AD5C2F /* Movie.app */;
			productType = "com.apple.product-type.application";
		};
/* End PBXNativeTarget section */

/* Begin PBXProject section */
		F7EF89DD234494A200AD5C2F /* Project object */ = {
			isa = PBXProject;
			attributes = {
				LastSwiftUpdateCheck = 1100;
				LastUpgradeCheck = 1100;
				ORGANIZATIONNAME = "Etienne JEZEQUEL";
				TargetAttributes = {
					F7EF89E4234494A200AD5C2F = {
						CreatedOnToolsVersion = 11.0;
					};
				};
			};
			buildConfigurationList = F7EF89E0234494A200AD5C2F /* Build configuration list for PBXProject "Movie" */;
			compatibilityVersion = "Xcode 9.3";
			developmentRegion = en;
			hasScannedForEncodings = 0;
			knownRegions = (
				en,
				Base,
			);
			mainGroup = F7EF89DC234494A200AD5C2F;
			productRefGroup = F7EF89E6234494A200AD5C2F /* Products */;
			projectDirPath = "";
			projectRoot = "";
			targets = (
				F7EF89E4234494A200AD5C2F /* Movie */,
			);
		};
/* End PBXProject section */

/* Begin PBXResourcesBuildPhase section */
		F7EF89E3234494A200AD5C2F /* Resources */ = {
			isa = PBXResourcesBuildPhase;
			buildActionMask = 2147483647;
			files = (
				F7EF89FD234494F400AD5C2F /* Main.storyboard in Resources */,
				F7EF89F5234494A300AD5C2F /* LaunchScreen.storyboard in Resources */,
				F7EF89F2234494A300AD5C2F /* Assets.xcassets in Resources */,
			);
			runOnlyForDeploymentPostprocessing = 0;
		};
/* End PBXResourcesBuildPhase section */

/* Begin PBXShellScriptBuildPhase section */
		134C67F09070B8E75C961E17 /* [CP] Embed Pods Frameworks */ = {
			isa = PBXShellScriptBuildPhase;
			buildActionMask = 2147483647;
			files = (
			);
			inputFileListPaths = (
				"${PODS_ROOT}/Target Support Files/Pods-Movie/Pods-Movie-frameworks-${CONFIGURATION}-input-files.xcfilelist",
			);
			name = "[CP] Embed Pods Frameworks";
			outputFileListPaths = (
				"${PODS_ROOT}/Target Support Files/Pods-Movie/Pods-Movie-frameworks-${CONFIGURATION}-output-files.xcfilelist",
			);
			runOnlyForDeploymentPostprocessing = 0;
			shellPath = /bin/sh;
			shellScript = "\"${PODS_ROOT}/Target Support Files/Pods-Movie/Pods-Movie-frameworks.sh\"\n";
			showEnvVarsInLog = 0;
		};
		5AE9C48195B4C65F589BB56F /* [CP] Check Pods Manifest.lock */ = {
			isa = PBXShellScriptBuildPhase;
			buildActionMask = 2147483647;
			files = (
			);
			inputFileListPaths = (
			);
			inputPaths = (
				"${PODS_PODFILE_DIR_PATH}/Podfile.lock",
				"${PODS_ROOT}/Manifest.lock",
			);
			name = "[CP] Check Pods Manifest.lock";
			outputFileListPaths = (
			);
			outputPaths = (
				"$(DERIVED_FILE_DIR)/Pods-Movie-checkManifestLockResult.txt",
			);
			runOnlyForDeploymentPostprocessing = 0;
			shellPath = /bin/sh;
			shellScript = "diff \"${PODS_PODFILE_DIR_PATH}/Podfile.lock\" \"${PODS_ROOT}/Manifest.lock\" > /dev/null\nif [ $? != 0 ] ; then\n    # print error to STDERR\n    echo \"error: The sandbox is not in sync with the Podfile.lock. Run 'pod install' or update your CocoaPods installation.\" >&2\n    exit 1\nfi\n# This output is used by Xcode 'outputs' to avoid re-running this script phase.\necho \"SUCCESS\" > \"${SCRIPT_OUTPUT_FILE_0}\"\n";
			showEnvVarsInLog = 0;
		};
/* End PBXShellScriptBuildPhase section */

/* Begin PBXSourcesBuildPhase section */
		F7EF89E1234494A200AD5C2F /* Sources */ = {
			isa = PBXSourcesBuildPhase;
			buildActionMask = 2147483647;
			files = (
				F7EF8A0523449E2C00AD5C2F /* Result.swift in Sources */,
				F7EF89FF2344963000AD5C2F /* HTTPRequest.swift in Sources */,
				F7EF8A0323449E1A00AD5C2F /* MoviesResponse.swift in Sources */,
				F7EF89ED234494A200AD5C2F /* MainViewController.swift in Sources */,
				F7EF8A072344A1D000AD5C2F /* MovieCollectionViewCell.swift in Sources */,
				F7EF89E9234494A200AD5C2F /* AppDelegate.swift in Sources */,
				F7EF8A0123449B4200AD5C2F /* Constants.swift in Sources */,
			);
			runOnlyForDeploymentPostprocessing = 0;
		};
/* End PBXSourcesBuildPhase section */

/* Begin PBXVariantGroup section */
		F7EF89F3234494A300AD5C2F /* LaunchScreen.storyboard */ = {
			isa = PBXVariantGroup;
			children = (
				F7EF89F4234494A300AD5C2F /* Base */,
			);
			name = LaunchScreen.storyboard;
			sourceTree = "<group>";
		};
/* End PBXVariantGroup section */

/* Begin XCBuildConfiguration section */
		F7EF89F7234494A300AD5C2F /* Debug */ = {
			isa = XCBuildConfiguration;
			buildSettings = {
				ALWAYS_SEARCH_USER_PATHS = NO;
				CLANG_ANALYZER_NONNULL = YES;
				CLANG_ANALYZER_NUMBER_OBJECT_CONVERSION = YES_AGGRESSIVE;
				CLANG_CXX_LANGUAGE_STANDARD = "gnu++14";
				CLANG_CXX_LIBRARY = "libc++";
				CLANG_ENABLE_MODULES = YES;
				CLANG_ENABLE_OBJC_ARC = YES;
				CLANG_ENABLE_OBJC_WEAK = YES;
				CLANG_WARN_BLOCK_CAPTURE_AUTORELEASING = YES;
				CLANG_WARN_BOOL_CONVERSION = YES;
				CLANG_WARN_COMMA = YES;
				CLANG_WARN_CONSTANT_CONVERSION = YES;
				CLANG_WARN_DEPRECATED_OBJC_IMPLEMENTATIONS = YES;
				CLANG_WARN_DIRECT_OBJC_ISA_USAGE = YES_ERROR;
				CLANG_WARN_DOCUMENTATION_COMMENTS = YES;
				CLANG_WARN_EMPTY_BODY = YES;
				CLANG_WARN_ENUM_CONVERSION = YES;
				CLANG_WARN_INFINITE_RECURSION = YES;
				CLANG_WARN_INT_CONVERSION = YES;
				CLANG_WARN_NON_LITERAL_NULL_CONVERSION = YES;
				CLANG_WARN_OBJC_IMPLICIT_RETAIN_SELF = YES;
				CLANG_WARN_OBJC_LITERAL_CONVERSION = YES;
				CLANG_WARN_OBJC_ROOT_CLASS = YES_ERROR;
				CLANG_WARN_RANGE_LOOP_ANALYSIS = YES;
				CLANG_WARN_STRICT_PROTOTYPES = YES;
				CLANG_WARN_SUSPICIOUS_MOVE = YES;
				CLANG_WARN_UNGUARDED_AVAILABILITY = YES_AGGRESSIVE;
				CLANG_WARN_UNREACHABLE_CODE = YES;
				CLANG_WARN__DUPLICATE_METHOD_MATCH = YES;
				COPY_PHASE_STRIP = NO;
				DEBUG_INFORMATION_FORMAT = dwarf;
				ENABLE_STRICT_OBJC_MSGSEND = YES;
				ENABLE_TESTABILITY = YES;
				GCC_C_LANGUAGE_STANDARD = gnu11;
				GCC_DYNAMIC_NO_PIC = NO;
				GCC_NO_COMMON_BLOCKS = YES;
				GCC_OPTIMIZATION_LEVEL = 0;
				GCC_PREPROCESSOR_DEFINITIONS = (
					"DEBUG=1",
					"$(inherited)",
				);
				GCC_WARN_64_TO_32_BIT_CONVERSION = YES;
				GCC_WARN_ABOUT_RETURN_TYPE = YES_ERROR;
				GCC_WARN_UNDECLARED_SELECTOR = YES;
				GCC_WARN_UNINITIALIZED_AUTOS = YES_AGGRESSIVE;
				GCC_WARN_UNUSED_FUNCTION = YES;
				GCC_WARN_UNUSED_VARIABLE = YES;
				IPHONEOS_DEPLOYMENT_TARGET = 13.0;
				MTL_ENABLE_DEBUG_INFO = INCLUDE_SOURCE;
				MTL_FAST_MATH = YES;
				ONLY_ACTIVE_ARCH = YES;
				SDKROOT = iphoneos;
				SWIFT_ACTIVE_COMPILATION_CONDITIONS = DEBUG;
				SWIFT_OPTIMIZATION_LEVEL = "-Onone";
			};
			name = Debug;
		};
		F7EF89F8234494A300AD5C2F /* Release */ = {
			isa = XCBuildConfiguration;
			buildSettings = {
				ALWAYS_SEARCH_USER_PATHS = NO;
				CLANG_ANALYZER_NONNULL = YES;
				CLANG_ANALYZER_NUMBER_OBJECT_CONVERSION = YES_AGGRESSIVE;
				CLANG_CXX_LANGUAGE_STANDARD = "gnu++14";
				CLANG_CXX_LIBRARY = "libc++";
				CLANG_ENABLE_MODULES = YES;
				CLANG_ENABLE_OBJC_ARC = YES;
				CLANG_ENABLE_OBJC_WEAK = YES;
				CLANG_WARN_BLOCK_CAPTURE_AUTORELEASING = YES;
				CLANG_WARN_BOOL_CONVERSION = YES;
				CLANG_WARN_COMMA = YES;
				CLANG_WARN_CONSTANT_CONVERSION = YES;
				CLANG_WARN_DEPRECATED_OBJC_IMPLEMENTATIONS = YES;
				CLANG_WARN_DIRECT_OBJC_ISA_USAGE = YES_ERROR;
				CLANG_WARN_DOCUMENTATION_COMMENTS = YES;
				CLANG_WARN_EMPTY_BODY = YES;
				CLANG_WARN_ENUM_CONVERSION = YES;
				CLANG_WARN_INFINITE_RECURSION = YES;
				CLANG_WARN_INT_CONVERSION = YES;
				CLANG_WARN_NON_LITERAL_NULL_CONVERSION = YES;
				CLANG_WARN_OBJC_IMPLICIT_RETAIN_SELF = YES;
				CLANG_WARN_OBJC_LITERAL_CONVERSION = YES;
				CLANG_WARN_OBJC_ROOT_CLASS = YES_ERROR;
				CLANG_WARN_RANGE_LOOP_ANALYSIS = YES;
				CLANG_WARN_STRICT_PROTOTYPES = YES;
				CLANG_WARN_SUSPICIOUS_MOVE = YES;
				CLANG_WARN_UNGUARDED_AVAILABILITY = YES_AGGRESSIVE;
				CLANG_WARN_UNREACHABLE_CODE = YES;
				CLANG_WARN__DUPLICATE_METHOD_MATCH = YES;
				COPY_PHASE_STRIP = NO;
				DEBUG_INFORMATION_FORMAT = "dwarf-with-dsym";
				ENABLE_NS_ASSERTIONS = NO;
				ENABLE_STRICT_OBJC_MSGSEND = YES;
				GCC_C_LANGUAGE_STANDARD = gnu11;
				GCC_NO_COMMON_BLOCKS = YES;
				GCC_WARN_64_TO_32_BIT_CONVERSION = YES;
				GCC_WARN_ABOUT_RETURN_TYPE = YES_ERROR;
				GCC_WARN_UNDECLARED_SELECTOR = YES;
				GCC_WARN_UNINITIALIZED_AUTOS = YES_AGGRESSIVE;
				GCC_WARN_UNUSED_FUNCTION = YES;
				GCC_WARN_UNUSED_VARIABLE = YES;
				IPHONEOS_DEPLOYMENT_TARGET = 13.0;
				MTL_ENABLE_DEBUG_INFO = NO;
				MTL_FAST_MATH = YES;
				SDKROOT = iphoneos;
				SWIFT_COMPILATION_MODE = wholemodule;
				SWIFT_OPTIMIZATION_LEVEL = "-O";
				VALIDATE_PRODUCT = YES;
			};
			name = Release;
		};
		F7EF89FA234494A300AD5C2F /* Debug */ = {
			isa = XCBuildConfiguration;
			baseConfigurationReference = D8974766072CA37036EC49A9 /* Pods-Movie.debug.xcconfig */;
			buildSettings = {
				ASSETCATALOG_COMPILER_APPICON_NAME = AppIcon;
				CODE_SIGN_STYLE = Automatic;
				INFOPLIST_FILE = Movie/Info.plist;
				LD_RUNPATH_SEARCH_PATHS = (
					"$(inherited)",
					"@executable_path/Frameworks",
				);
				PRODUCT_BUNDLE_IDENTIFIER = com.asi.Movie;
				PRODUCT_NAME = "$(TARGET_NAME)";
				SWIFT_VERSION = 5.0;
				TARGETED_DEVICE_FAMILY = 1;
			};
			name = Debug;
		};
		F7EF89FB234494A300AD5C2F /* Release */ = {
			isa = XCBuildConfiguration;
			baseConfigurationReference = 09C22B09F2FDFE24A85063AF /* Pods-Movie.release.xcconfig */;
			buildSettings = {
				ASSETCATALOG_COMPILER_APPICON_NAME = AppIcon;
				CODE_SIGN_STYLE = Automatic;
				INFOPLIST_FILE = Movie/Info.plist;
				LD_RUNPATH_SEARCH_PATHS = (
					"$(inherited)",
					"@executable_path/Frameworks",
				);
				PRODUCT_BUNDLE_IDENTIFIER = com.asi.Movie;
				PRODUCT_NAME = "$(TARGET_NAME)";
				SWIFT_VERSION = 5.0;
				TARGETED_DEVICE_FAMILY = 1;
			};
			name = Release;
		};
/* End XCBuildConfiguration section */

/* Begin XCConfigurationList section */
		F7EF89E0234494A200AD5C2F /* Build configuration list for PBXProject "Movie" */ = {
			isa = XCConfigurationList;
			buildConfigurations = (
				F7EF89F7234494A300AD5C2F /* Debug */,
				F7EF89F8234494A300AD5C2F /* Release */,
			);
			defaultConfigurationIsVisible = 0;
			defaultConfigurationName = Release;
		};
		F7EF89F9234494A300AD5C2F /* Build configuration list for PBXNativeTarget "Movie" */ = {
			isa = XCConfigurationList;
			buildConfigurations = (
				F7EF89FA234494A300AD5C2F /* Debug */,
				F7EF89FB234494A300AD5C2F /* Release */,
			);
			defaultConfigurationIsVisible = 0;
			defaultConfigurationName = Release;
		};
/* End XCConfigurationList section */
	};
	rootObject = F7EF89DD234494A200AD5C2F /* Project object */;
}
